
Microsoft Visual Studio Solution File, Format Version 12.00
# Visual Studio Version 16
VisualStudioVersion = 16.0.31205.134
MinimumVisualStudioVersion = 10.0.40219.1
Project("{FAE04EC0-301F-11D3-BF4B-00C04F79EFBC}") = "DongHoWeb", "BanDongHo\DongHoWeb.csproj", "{ADFB7010-2308-4182-A165-569EB27F4761}"
EndProject
Project("{FAE04EC0-301F-11D3-BF4B-00C04F79EFBC}") = "ClassLibrary", "ClassLibrary\ClassLibrary.csproj", "{7857DCAB-3054-49CB-A214-0BECDCDD6810}"
EndProject
Global
	GlobalSection(SolutionConfigurationPlatforms) = preSolution
		Debug|Any CPU = Debug|Any CPU
		Release|Any CPU = Release|Any CPU
	EndGlobalSection
	GlobalSection(ProjectConfigurationPlatforms) = postSolution
		{ADFB7010-2308-4182-A165-569EB27F4761}.Debug|Any CPU.ActiveCfg = Debug|Any CPU
		{ADFB7010-2308-4182-A165-569EB27F4761}.Debug|Any CPU.Build.0 = Debug|Any CPU
		{ADFB7010-2308-4182-A165-569EB27F4761}.Release|Any CPU.ActiveCfg = Release|Any CPU
		{ADFB7010-2308-4182-A165-569EB27F4761}.Release|Any CPU.Build.0 = Release|Any CPU
		{7857DCAB-3054-49CB-A214-0BECDCDD6810}.Debug|Any CPU.ActiveCfg = Debug|Any CPU
		{7857DCAB-3054-49CB-A214-0BECDCDD6810}.Debug|Any CPU.Build.0 = Debug|Any CPU
		{7857DCAB-3054-49CB-A214-0BECDCDD6810}.Release|Any CPU.ActiveCfg = Release|Any CPU
		{7857DCAB-3054-49CB-A214-0BECDCDD6810}.Release|Any CPU.Build.0 = Release|Any CPU
	EndGlobalSection
	GlobalSection(SolutionProperties) = preSolution
		HideSolutionNode = FALSE
	EndGlobalSection
	GlobalSection(ExtensibilityGlobals) = postSolution
		SolutionGuid = {AA4FA957-8DE0-41F1-8F59-8A2F51E5CEAA}
	EndGlobalSection
EndGlobal
